{
  "dependencies": {
    "socket.io-client": {
      "version": "1.2.0",
      "dependencies": {
        "debug": {
          "version": "0.7.4"
        },
        "engine.io-client": {
          "version": "1.4.2",
          "dependencies": {
            "has-cors": {
              "version": "1.0.3",
              "dependencies": {
                "global": {
                  "version": "https://github.com/component/global/archive/v2.0.1.tar.gz"
                }
              }
            },
            "ws": {
              "version": "0.4.31",
              "dependencies": {
                "commander": {
                  "version": "0.6.1"
                },
                "nan": {
                  "version": "0.3.2"
                },
                "tinycolor": {
                  "version": "0.0.1"
                },
                "options": {
                  "version": "0.0.6"
                }
              }
            },
            "xmlhttprequest": {
              "version": "https://github.com/LearnBoost/node-XMLHttpRequest/archive/0f36d0b5ebc03d85f860d42a64ae9791e1daa433.tar.gz"
            },
            "engine.io-parser": {
              "version": "1.1.0",
              "dependencies": {
                "base64-arraybuffer": {
                  "version": "0.1.2"
                },
                "after": {
                  "version": "0.8.1"
                },
                "arraybuffer.slice": {
                  "version": "0.0.6"
                },
                "blob": {
                  "version": "0.0.2"
                },
                "utf8": {
                  "version": "2.0.0"
                }
              }
            },
            "parseuri": {
              "version": "0.0.4",
              "dependencies": {
                "better-assert": {
                  "version": "1.0.1",
                  "dependencies": {
                    "callsite": {
                      "version": "1.0.0"
                    }
                  }
                }
              }
            },
            "parsejson": {
              "version": "0.0.1",
              "dependencies": {
                "better-assert": {
                  "version": "1.0.1",
                  "dependencies": {
                    "callsite": {
                      "version": "1.0.0"
                    }
                  }
                }
              }
            },
            "parseqs": {
              "version": "0.0.2",
              "dependencies": {
                "better-assert": {
                  "version": "1.0.1",
                  "dependencies": {
                    "callsite": {
                      "version": "1.0.0"
                    }
                  }
                }
              }
            },
            "component-inherit": {
              "version": "0.0.3"
            }
          }
        },
        "component-bind": {
          "version": "1.0.0"
        },
        "component-emitter": {
          "version": "1.1.2"
        },
        "object-component": {
          "version": "0.0.3"
        },
        "socket.io-parser": {
          "version": "2.2.2",
          "dependencies": {
            "json3": {
              "version": "3.2.6"
            },
            "isarray": {
              "version": "0.0.1"
            },
            "benchmark": {
              "version": "1.0.0"
            }
          }
        },
        "has-binary": {
          "version": "0.1.5",
          "dependencies": {
            "isarray": {
              "version": "0.0.1"
            }
          }
        },
        "indexof": {
          "version": "0.0.1"
        },
        "parseuri": {
          "version": "0.0.2",
          "dependencies": {
            "better-assert": {
              "version": "1.0.1",
              "dependencies": {
                "callsite": {
                  "version": "1.0.0"
                }
              }
            }
          }
        },
        "to-array": {
          "version": "0.1.3"
        }
      }
    }
  }
}
